
Microsoft Visual Studio Solution File, Format Version 12.00
# Visual Studio 14
VisualStudioVersion = 14.0.25420.1
MinimumVisualStudioVersion = 10.0.40219.1
Project("{FAE04EC0-301F-11D3-BF4B-00C04F79EFBC}") = "AiCard", "AiCard\AiCard.csproj", "{3A1387D4-3418-4B19-B0CF-6EA4F89ACFD7}"
EndProject
Project("{FAE04EC0-301F-11D3-BF4B-00C04F79EFBC}") = "AiCard.DAL", "AiCard.DAL\AiCard.DAL.csproj", "{1EE23CC6-A120-4730-AAA2-7295BD1A108A}"
EndProject
Project("{FAE04EC0-301F-11D3-BF4B-00C04F79EFBC}") = "AiCard.Common", "AiCard.Commom\AiCard.Common.csproj", "{B5FF40C2-CEE8-43ED-8722-99638716BBB1}"
EndProject
Global
	GlobalSection(SolutionConfigurationPlatforms) = preSolution
		Debug|Any CPU = Debug|Any CPU
		Release|Any CPU = Release|Any CPU
	EndGlobalSection
	GlobalSection(ProjectConfigurationPlatforms) = postSolution
		{3A1387D4-3418-4B19-B0CF-6EA4F89ACFD7}.Debug|Any CPU.ActiveCfg = Debug|Any CPU
		{3A1387D4-3418-4B19-B0CF-6EA4F89ACFD7}.Debug|Any CPU.Build.0 = Debug|Any CPU
		{3A1387D4-3418-4B19-B0CF-6EA4F89ACFD7}.Release|Any CPU.ActiveCfg = Release|Any CPU
		{3A1387D4-3418-4B19-B0CF-6EA4F89ACFD7}.Release|Any CPU.Build.0 = Release|Any CPU
		{1EE23CC6-A120-4730-AAA2-7295BD1A108A}.Debug|Any CPU.ActiveCfg = Debug|Any CPU
		{1EE23CC6-A120-4730-AAA2-7295BD1A108A}.Debug|Any CPU.Build.0 = Debug|Any CPU
		{1EE23CC6-A120-4730-AAA2-7295BD1A108A}.Release|Any CPU.ActiveCfg = Release|Any CPU
		{1EE23CC6-A120-4730-AAA2-7295BD1A108A}.Release|Any CPU.Build.0 = Release|Any CPU
		{B5FF40C2-CEE8-43ED-8722-99638716BBB1}.Debug|Any CPU.ActiveCfg = Debug|Any CPU
		{B5FF40C2-CEE8-43ED-8722-99638716BBB1}.Debug|Any CPU.Build.0 = Debug|Any CPU
		{B5FF40C2-CEE8-43ED-8722-99638716BBB1}.Release|Any CPU.ActiveCfg = Release|Any CPU
		{B5FF40C2-CEE8-43ED-8722-99638716BBB1}.Release|Any CPU.Build.0 = Release|Any CPU
	EndGlobalSection
	GlobalSection(SolutionProperties) = preSolution
		HideSolutionNode = FALSE
	EndGlobalSection
EndGlobal
